
Microsoft Visual Studio Solution File, Format Version 12.00
# Visual Studio Version 17
VisualStudioVersion = 17.11.35208.52
MinimumVisualStudioVersion = 10.0.40219.1
Project("{2150E333-8FDC-42A3-9474-1A3956D46DE8}") = "Unidad01", "Unidad01", "{BB35BC4D-FB94-42F3-B2A3-BFA865EB329D}"
EndProject
Project("{2150E333-8FDC-42A3-9474-1A3956D46DE8}") = "TP01", "TP01", "{74CE9945-5AAB-48F7-86B4-33DBD9137791}"
EndProject
Project("{9A19103F-16F7-4668-BE54-9A1E7A4F7556}") = "Ejercicio01", "Ejercicio01\Ejercicio01.csproj", "{8C48EE1D-C18F-4498-B349-D87DC93139D9}"
EndProject
Project("{FAE04EC0-301F-11D3-BF4B-00C04F79EFBC}") = "Ejercicio02", "Ejercicio02\Ejercicio02.csproj", "{7F965009-356C-4D87-828F-CA2B698EF876}"
EndProject
Project("{2150E333-8FDC-42A3-9474-1A3956D46DE8}") = "Unidad02", "Unidad02", "{C6E86A3E-4B75-4DF5-92D6-BAB96379F398}"
EndProject
Project("{2150E333-8FDC-42A3-9474-1A3956D46DE8}") = "Unidad03", "Unidad03", "{C5702580-0712-4E81-B276-564BD3D003D5}"
EndProject
Project("{2150E333-8FDC-42A3-9474-1A3956D46DE8}") = "Unidad04", "Unidad04", "{F8F0BA70-D68E-4E59-A6FC-C264E7CB69B4}"
EndProject
Project("{2150E333-8FDC-42A3-9474-1A3956D46DE8}") = "Unidad05", "Unidad05", "{E303393E-9E8C-4B3F-AFC3-DA8507BD4483}"
EndProject
Project("{2150E333-8FDC-42A3-9474-1A3956D46DE8}") = "TP02", "TP02", "{02EA681E-C7D8-13C7-8484-4AC65E1B71E8}"
EndProject
Project("{FAE04EC0-301F-11D3-BF4B-00C04F79EFBC}") = "Ejercicio CRUD", "Ejercicio CRUD\Ejercicio CRUD.csproj", "{76089AB9-ED43-4C44-9361-44CB2C6DCFAD}"
EndProject
Global
	GlobalSection(SolutionConfigurationPlatforms) = preSolution
		Debug|Any CPU = Debug|Any CPU
		Release|Any CPU = Release|Any CPU
	EndGlobalSection
	GlobalSection(ProjectConfigurationPlatforms) = postSolution
		{8C48EE1D-C18F-4498-B349-D87DC93139D9}.Debug|Any CPU.ActiveCfg = Debug|Any CPU
		{8C48EE1D-C18F-4498-B349-D87DC93139D9}.Debug|Any CPU.Build.0 = Debug|Any CPU
		{8C48EE1D-C18F-4498-B349-D87DC93139D9}.Release|Any CPU.ActiveCfg = Release|Any CPU
		{8C48EE1D-C18F-4498-B349-D87DC93139D9}.Release|Any CPU.Build.0 = Release|Any CPU
		{7F965009-356C-4D87-828F-CA2B698EF876}.Debug|Any CPU.ActiveCfg = Debug|Any CPU
		{7F965009-356C-4D87-828F-CA2B698EF876}.Debug|Any CPU.Build.0 = Debug|Any CPU
		{7F965009-356C-4D87-828F-CA2B698EF876}.Release|Any CPU.ActiveCfg = Release|Any CPU
		{7F965009-356C-4D87-828F-CA2B698EF876}.Release|Any CPU.Build.0 = Release|Any CPU
		{76089AB9-ED43-4C44-9361-44CB2C6DCFAD}.Debug|Any CPU.ActiveCfg = Debug|Any CPU
		{76089AB9-ED43-4C44-9361-44CB2C6DCFAD}.Debug|Any CPU.Build.0 = Debug|Any CPU
		{76089AB9-ED43-4C44-9361-44CB2C6DCFAD}.Release|Any CPU.ActiveCfg = Release|Any CPU
		{76089AB9-ED43-4C44-9361-44CB2C6DCFAD}.Release|Any CPU.Build.0 = Release|Any CPU
	EndGlobalSection
	GlobalSection(SolutionProperties) = preSolution
		HideSolutionNode = FALSE
	EndGlobalSection
	GlobalSection(NestedProjects) = preSolution
		{74CE9945-5AAB-48F7-86B4-33DBD9137791} = {BB35BC4D-FB94-42F3-B2A3-BFA865EB329D}
		{8C48EE1D-C18F-4498-B349-D87DC93139D9} = {74CE9945-5AAB-48F7-86B4-33DBD9137791}
		{7F965009-356C-4D87-828F-CA2B698EF876} = {74CE9945-5AAB-48F7-86B4-33DBD9137791}
		{02EA681E-C7D8-13C7-8484-4AC65E1B71E8} = {BB35BC4D-FB94-42F3-B2A3-BFA865EB329D}
		{76089AB9-ED43-4C44-9361-44CB2C6DCFAD} = {02EA681E-C7D8-13C7-8484-4AC65E1B71E8}
	EndGlobalSection
	GlobalSection(ExtensibilityGlobals) = postSolution
		SolutionGuid = {EA471307-9B04-4006-8413-24E61A7CE09B}
	EndGlobalSection
EndGlobal
